
Microsoft Visual Studio Solution File, Format Version 12.00
# Visual Studio Version 16
VisualStudioVersion = 16.0.32228.343
MinimumVisualStudioVersion = 10.0.40219.1
Project("{FAE04EC0-301F-11D3-BF4B-00C04F79EFBC}") = "App05_Yuka.Android", "App05_Yuka.Android\App05_Yuka.Android.csproj", "{F9DCF44E-8FFC-46A5-90ED-1623C74895FE}"
EndProject
Project("{FAE04EC0-301F-11D3-BF4B-00C04F79EFBC}") = "App05_Yuka", "App05_Yuka\App05_Yuka.csproj", "{03E0F3F8-C6DD-4BEB-85F2-BE4A21A8A51C}"
EndProject
Global
	GlobalSection(SolutionConfigurationPlatforms) = preSolution
		Debug|Any CPU = Debug|Any CPU
		Release|Any CPU = Release|Any CPU
	EndGlobalSection
	GlobalSection(ProjectConfigurationPlatforms) = postSolution
		{F9DCF44E-8FFC-46A5-90ED-1623C74895FE}.Debug|Any CPU.ActiveCfg = Debug|Any CPU
		{F9DCF44E-8FFC-46A5-90ED-1623C74895FE}.Debug|Any CPU.Build.0 = Debug|Any CPU
		{F9DCF44E-8FFC-46A5-90ED-1623C74895FE}.Debug|Any CPU.Deploy.0 = Debug|Any CPU
		{F9DCF44E-8FFC-46A5-90ED-1623C74895FE}.Release|Any CPU.ActiveCfg = Release|Any CPU
		{F9DCF44E-8FFC-46A5-90ED-1623C74895FE}.Release|Any CPU.Build.0 = Release|Any CPU
		{F9DCF44E-8FFC-46A5-90ED-1623C74895FE}.Release|Any CPU.Deploy.0 = Release|Any CPU
		{03E0F3F8-C6DD-4BEB-85F2-BE4A21A8A51C}.Debug|Any CPU.ActiveCfg = Debug|Any CPU
		{03E0F3F8-C6DD-4BEB-85F2-BE4A21A8A51C}.Debug|Any CPU.Build.0 = Debug|Any CPU
		{03E0F3F8-C6DD-4BEB-85F2-BE4A21A8A51C}.Debug|Any CPU.Deploy.0 = Debug|Any CPU
		{03E0F3F8-C6DD-4BEB-85F2-BE4A21A8A51C}.Release|Any CPU.ActiveCfg = Release|Any CPU
		{03E0F3F8-C6DD-4BEB-85F2-BE4A21A8A51C}.Release|Any CPU.Build.0 = Release|Any CPU
		{03E0F3F8-C6DD-4BEB-85F2-BE4A21A8A51C}.Release|Any CPU.Deploy.0 = Release|Any CPU
	EndGlobalSection
	GlobalSection(SolutionProperties) = preSolution
		HideSolutionNode = FALSE
	EndGlobalSection
	GlobalSection(ExtensibilityGlobals) = postSolution
		SolutionGuid = {D342A733-FCE3-4E88-863B-24C2628E6392}
	EndGlobalSection
EndGlobal
