
Microsoft Visual Studio Solution File, Format Version 12.00
# Visual Studio Version 16
VisualStudioVersion = 16.0.32228.343
MinimumVisualStudioVersion = 10.0.40219.1
Project("{FAE04EC0-301F-11D3-BF4B-00C04F79EFBC}") = "App04.Android", "App04.Android\App04.Android.csproj", "{ED71747C-B0F7-49AE-8272-1FD5CD907282}"
EndProject
Project("{FAE04EC0-301F-11D3-BF4B-00C04F79EFBC}") = "App04", "App04\App04.csproj", "{8E7A8D48-9A9D-430F-A58E-A2376CE158BB}"
EndProject
Global
	GlobalSection(SolutionConfigurationPlatforms) = preSolution
		Debug|Any CPU = Debug|Any CPU
		Release|Any CPU = Release|Any CPU
	EndGlobalSection
	GlobalSection(ProjectConfigurationPlatforms) = postSolution
		{ED71747C-B0F7-49AE-8272-1FD5CD907282}.Debug|Any CPU.ActiveCfg = Debug|Any CPU
		{ED71747C-B0F7-49AE-8272-1FD5CD907282}.Debug|Any CPU.Build.0 = Debug|Any CPU
		{ED71747C-B0F7-49AE-8272-1FD5CD907282}.Debug|Any CPU.Deploy.0 = Debug|Any CPU
		{ED71747C-B0F7-49AE-8272-1FD5CD907282}.Release|Any CPU.ActiveCfg = Release|Any CPU
		{ED71747C-B0F7-49AE-8272-1FD5CD907282}.Release|Any CPU.Build.0 = Release|Any CPU
		{ED71747C-B0F7-49AE-8272-1FD5CD907282}.Release|Any CPU.Deploy.0 = Release|Any CPU
		{8E7A8D48-9A9D-430F-A58E-A2376CE158BB}.Debug|Any CPU.ActiveCfg = Debug|Any CPU
		{8E7A8D48-9A9D-430F-A58E-A2376CE158BB}.Debug|Any CPU.Build.0 = Debug|Any CPU
		{8E7A8D48-9A9D-430F-A58E-A2376CE158BB}.Debug|Any CPU.Deploy.0 = Debug|Any CPU
		{8E7A8D48-9A9D-430F-A58E-A2376CE158BB}.Release|Any CPU.ActiveCfg = Release|Any CPU
		{8E7A8D48-9A9D-430F-A58E-A2376CE158BB}.Release|Any CPU.Build.0 = Release|Any CPU
		{8E7A8D48-9A9D-430F-A58E-A2376CE158BB}.Release|Any CPU.Deploy.0 = Release|Any CPU
	EndGlobalSection
	GlobalSection(SolutionProperties) = preSolution
		HideSolutionNode = FALSE
	EndGlobalSection
	GlobalSection(ExtensibilityGlobals) = postSolution
		SolutionGuid = {7431B321-37AD-4A40-8584-170DAEF88F8B}
	EndGlobalSection
EndGlobal
