
Microsoft Visual Studio Solution File, Format Version 12.00
# Visual Studio Version 16
VisualStudioVersion = 16.0.32228.343
MinimumVisualStudioVersion = 10.0.40219.1
Project("{FAE04EC0-301F-11D3-BF4B-00C04F79EFBC}") = "App02.Android", "App02.Android\App02.Android.csproj", "{46189A93-BA18-41DC-A607-AFF04A48B903}"
EndProject
Project("{FAE04EC0-301F-11D3-BF4B-00C04F79EFBC}") = "App02", "App02\App02.csproj", "{C0BD376F-F1E3-47B8-9F3B-3A8C1831610F}"
EndProject
Global
	GlobalSection(SolutionConfigurationPlatforms) = preSolution
		Debug|Any CPU = Debug|Any CPU
		Release|Any CPU = Release|Any CPU
	EndGlobalSection
	GlobalSection(ProjectConfigurationPlatforms) = postSolution
		{46189A93-BA18-41DC-A607-AFF04A48B903}.Debug|Any CPU.ActiveCfg = Debug|Any CPU
		{46189A93-BA18-41DC-A607-AFF04A48B903}.Debug|Any CPU.Build.0 = Debug|Any CPU
		{46189A93-BA18-41DC-A607-AFF04A48B903}.Debug|Any CPU.Deploy.0 = Debug|Any CPU
		{46189A93-BA18-41DC-A607-AFF04A48B903}.Release|Any CPU.ActiveCfg = Release|Any CPU
		{46189A93-BA18-41DC-A607-AFF04A48B903}.Release|Any CPU.Build.0 = Release|Any CPU
		{46189A93-BA18-41DC-A607-AFF04A48B903}.Release|Any CPU.Deploy.0 = Release|Any CPU
		{C0BD376F-F1E3-47B8-9F3B-3A8C1831610F}.Debug|Any CPU.ActiveCfg = Debug|Any CPU
		{C0BD376F-F1E3-47B8-9F3B-3A8C1831610F}.Debug|Any CPU.Build.0 = Debug|Any CPU
		{C0BD376F-F1E3-47B8-9F3B-3A8C1831610F}.Debug|Any CPU.Deploy.0 = Debug|Any CPU
		{C0BD376F-F1E3-47B8-9F3B-3A8C1831610F}.Release|Any CPU.ActiveCfg = Release|Any CPU
		{C0BD376F-F1E3-47B8-9F3B-3A8C1831610F}.Release|Any CPU.Build.0 = Release|Any CPU
		{C0BD376F-F1E3-47B8-9F3B-3A8C1831610F}.Release|Any CPU.Deploy.0 = Release|Any CPU
	EndGlobalSection
	GlobalSection(SolutionProperties) = preSolution
		HideSolutionNode = FALSE
	EndGlobalSection
	GlobalSection(ExtensibilityGlobals) = postSolution
		SolutionGuid = {9A7F95C3-6F37-4B6F-8F9B-EFE2C168A1DE}
	EndGlobalSection
EndGlobal
